{
  "version": 4,
  "terraform_version": "1.14.5",
  "serial": 14,
  "lineage": "64fb103b-6830-aa0d-2454-3c6267c647ba",
  "outputs": {
    "ec2_public_ip": {
      "value": "3.127.217.15",
      "type": "string"
    },
    "ecr_repository_url": {
      "value": "272493677884.dkr.ecr.eu-central-1.amazonaws.com/boxes-ecr",
      "type": "string"
    },
    "key_name": {
      "value": "boxes-key",
      "type": "string"
    },
    "security_group_id": {
      "value": "sg-00742f5df671c37cb",
      "type": "string"
    }
  },
  "resources": [
    {
      "mode": "data",
      "type": "aws_ami",
      "name": "amazon_linux",
      "provider": "provider[\"registry.terraform.io/hashicorp/aws\"]",
      "instances": [
        {
          "schema_version": 0,
          "attributes": {
            "allow_unsafe_filter": null,
            "architecture": "x86_64",
            "arn": "arn:aws:ec2:eu-central-1::image/ami-08f4f484ed94e8352",
            "block_device_mappings": [
              {
                "device_name": "/dev/xvda",
                "ebs": {
                  "delete_on_termination": "true",
                  "encrypted": "false",
                  "iops": "0",
                  "snapshot_id": "snap-0afd69073a06ee5d7",
                  "throughput": "0",
                  "volume_initialization_rate": "0",
                  "volume_size": "8",
                  "volume_type": "gp2"
                },
                "no_device": "",
                "virtual_name": ""
              }
            ],
            "boot_mode": "",
            "creation_date": "2026-02-26T18:42:15.000Z",
            "deprecation_time": "2026-05-27T18:48:00.000Z",
            "description": "Amazon Linux 2 AMI 2.0.20260302.0 x86_64 HVM gp2",
            "ena_support": true,
            "executable_users": null,
            "filter": [
              {
                "name": "name",
                "values": [
                  "amzn2-ami-hvm-*-x86_64-gp2"
                ]
              }
            ],
            "hypervisor": "xen",
            "id": "ami-08f4f484ed94e8352",
            "image_id": "ami-08f4f484ed94e8352",
            "image_location": "amazon/amzn2-ami-hvm-2.0.20260302.0-x86_64-gp2",
            "image_owner_alias": "amazon",
            "image_type": "machine",
            "imds_support": "",
            "include_deprecated": false,
            "kernel_id": "",
            "last_launched_time": "",
            "most_recent": true,
            "name": "amzn2-ami-hvm-2.0.20260302.0-x86_64-gp2",
            "name_regex": null,
            "owner_id": "137112412989",
            "owners": [
              "amazon"
            ],
            "platform": "",
            "platform_details": "Linux/UNIX",
            "product_codes": [],
            "public": true,
            "ramdisk_id": "",
            "region": "eu-central-1",
            "root_device_name": "/dev/xvda",
            "root_device_type": "ebs",
            "root_snapshot_id": "snap-0afd69073a06ee5d7",
            "sriov_net_support": "simple",
            "state": "available",
            "state_reason": {
              "code": "UNSET",
              "message": "UNSET"
            },
            "tags": {},
            "timeouts": null,
            "tpm_support": "",
            "uefi_data": null,
            "usage_operation": "RunInstances",
            "virtualization_type": "hvm"
          },
          "sensitive_attributes": [],
          "identity_schema_version": 0
        }
      ]
    },
    {
      "mode": "data",
      "type": "aws_subnet",
      "name": "default_subnet",
      "provider": "provider[\"registry.terraform.io/hashicorp/aws\"]",
      "instances": [
        {
          "schema_version": 0,
          "attributes": {
            "arn": "arn:aws:ec2:eu-central-1:272493677884:subnet/subnet-051de70ff20d8d61b",
            "assign_ipv6_address_on_creation": false,
            "availability_zone": "eu-central-1a",
            "availability_zone_id": "euc1-az2",
            "available_ip_address_count": 4091,
            "cidr_block": "172.31.16.0/20",
            "customer_owned_ipv4_pool": "",
            "default_for_az": true,
            "enable_dns64": false,
            "enable_lni_at_device_index": 0,
            "enable_resource_name_dns_a_record_on_launch": false,
            "enable_resource_name_dns_aaaa_record_on_launch": false,
            "filter": null,
            "id": "subnet-051de70ff20d8d61b",
            "ipv6_cidr_block": "",
            "ipv6_cidr_block_association_id": "",
            "ipv6_native": false,
            "map_customer_owned_ip_on_launch": false,
            "map_public_ip_on_launch": true,
            "outpost_arn": "",
            "owner_id": "272493677884",
            "private_dns_hostname_type_on_launch": "ip-name",
            "region": "eu-central-1",
            "state": "available",
            "tags": {},
            "timeouts": null,
            "vpc_id": "vpc-0a419e8264738c311"
          },
          "sensitive_attributes": [],
          "identity_schema_version": 0
        }
      ]
    },
    {
      "mode": "data",
      "type": "aws_vpc",
      "name": "default",
      "provider": "provider[\"registry.terraform.io/hashicorp/aws\"]",
      "instances": [
        {
          "schema_version": 0,
          "attributes": {
            "arn": "arn:aws:ec2:eu-central-1:272493677884:vpc/vpc-0a419e8264738c311",
            "cidr_block": "172.31.0.0/16",
            "cidr_block_associations": [
              {
                "association_id": "vpc-cidr-assoc-099ea7ce9974d76b3",
                "cidr_block": "172.31.0.0/16",
                "state": "associated"
              }
            ],
            "default": true,
            "dhcp_options_id": "dopt-0462c5f93a929104b",
            "enable_dns_hostnames": true,
            "enable_dns_support": true,
            "enable_network_address_usage_metrics": false,
            "filter": null,
            "id": "vpc-0a419e8264738c311",
            "instance_tenancy": "default",
            "ipv6_association_id": "",
            "ipv6_cidr_block": "",
            "main_route_table_id": "rtb-0c75f5f2eda1f127c",
            "owner_id": "272493677884",
            "region": "eu-central-1",
            "state": null,
            "tags": {},
            "timeouts": null
          },
          "sensitive_attributes": [],
          "identity_schema_version": 0
        }
      ]
    },
    {
      "mode": "managed",
      "type": "aws_ecr_repository",
      "name": "boxes_ecr",
      "provider": "provider[\"registry.terraform.io/hashicorp/aws\"]",
      "instances": [
        {
          "schema_version": 0,
          "attributes": {
            "arn": "arn:aws:ecr:eu-central-1:272493677884:repository/boxes-ecr",
            "encryption_configuration": [
              {
                "encryption_type": "AES256",
                "kms_key": ""
              }
            ],
            "force_delete": true,
            "id": "boxes-ecr",
            "image_scanning_configuration": [
              {
                "scan_on_push": true
              }
            ],
            "image_tag_mutability": "MUTABLE",
            "image_tag_mutability_exclusion_filter": [],
            "name": "boxes-ecr",
            "region": "eu-central-1",
            "registry_id": "272493677884",
            "repository_url": "272493677884.dkr.ecr.eu-central-1.amazonaws.com/boxes-ecr",
            "tags": {
              "Name": "boxes-ecr"
            },
            "tags_all": {
              "Name": "boxes-ecr"
            },
            "timeouts": null
          },
          "sensitive_attributes": [],
          "identity_schema_version": 0,
          "identity": {
            "account_id": "272493677884",
            "name": "boxes-ecr",
            "region": "eu-central-1"
          },
          "private": "eyJlMmJmYjczMC1lY2FhLTExZTYtOGY4OC0zNDM2M2JjN2M0YzAiOnsiZGVsZXRlIjoxMjAwMDAwMDAwMDAwfX0="
        }
      ]
    },
    {
      "mode": "managed",
      "type": "aws_iam_instance_profile",
      "name": "boxes_instance_profile",
      "provider": "provider[\"registry.terraform.io/hashicorp/aws\"]",
      "instances": [
        {
          "schema_version": 0,
          "attributes": {
            "arn": "arn:aws:iam::272493677884:instance-profile/boxes-instance-profile",
            "create_date": "2026-03-09T19:25:24Z",
            "id": "boxes-instance-profile",
            "name": "boxes-instance-profile",
            "name_prefix": "",
            "path": "/",
            "role": "boxes-ec2-role",
            "tags": {},
            "tags_all": {},
            "unique_id": "AIPAT64PDRU6M76UKHQFD"
          },
          "sensitive_attributes": [],
          "identity_schema_version": 0,
          "private": "bnVsbA==",
          "dependencies": [
            "aws_iam_role.boxes_ec2_role"
          ]
        }
      ]
    },
    {
      "mode": "managed",
      "type": "aws_iam_role",
      "name": "boxes_ec2_role",
      "provider": "provider[\"registry.terraform.io/hashicorp/aws\"]",
      "instances": [
        {
          "schema_version": 0,
          "attributes": {
            "arn": "arn:aws:iam::272493677884:role/boxes-ec2-role",
            "assume_role_policy": "{\"Statement\":[{\"Action\":\"sts:AssumeRole\",\"Effect\":\"Allow\",\"Principal\":{\"Service\":\"ec2.amazonaws.com\"}}],\"Version\":\"2012-10-17\"}",
            "create_date": "2026-03-09T19:25:23Z",
            "description": "",
            "force_detach_policies": false,
            "id": "boxes-ec2-role",
            "inline_policy": [],
            "managed_policy_arns": [
              "arn:aws:iam::aws:policy/AmazonEC2ContainerRegistryReadOnly"
            ],
            "max_session_duration": 3600,
            "name": "boxes-ec2-role",
            "name_prefix": "",
            "path": "/",
            "permissions_boundary": "",
            "tags": {},
            "tags_all": {},
            "unique_id": "AROAT64PDRU6BG2VK4XHN"
          },
          "sensitive_attributes": [],
          "identity_schema_version": 0,
          "identity": {
            "account_id": "272493677884",
            "name": "boxes-ec2-role"
          },
          "private": "bnVsbA=="
        }
      ]
    },
    {
      "mode": "managed",
      "type": "aws_iam_role_policy_attachment",
      "name": "ecr_readonly_attach",
      "provider": "provider[\"registry.terraform.io/hashicorp/aws\"]",
      "instances": [
        {
          "schema_version": 0,
          "attributes": {
            "id": "boxes-ec2-role/arn:aws:iam::aws:policy/AmazonEC2ContainerRegistryReadOnly",
            "policy_arn": "arn:aws:iam::aws:policy/AmazonEC2ContainerRegistryReadOnly",
            "role": "boxes-ec2-role"
          },
          "sensitive_attributes": [],
          "identity_schema_version": 0,
          "identity": {
            "account_id": "272493677884",
            "policy_arn": "arn:aws:iam::aws:policy/AmazonEC2ContainerRegistryReadOnly",
            "role": "boxes-ec2-role"
          },
          "private": "bnVsbA==",
          "dependencies": [
            "aws_iam_role.boxes_ec2_role"
          ]
        }
      ]
    },
    {
      "mode": "managed",
      "type": "aws_instance",
      "name": "boxes_ec2",
      "provider": "provider[\"registry.terraform.io/hashicorp/aws\"]",
      "instances": [
        {
          "schema_version": 2,
          "attributes": {
            "ami": "ami-08f4f484ed94e8352",
            "arn": "arn:aws:ec2:eu-central-1:272493677884:instance/i-05080aef0b8d62104",
            "associate_public_ip_address": true,
            "availability_zone": "eu-central-1a",
            "capacity_reservation_specification": [
              {
                "capacity_reservation_preference": "open",
                "capacity_reservation_target": []
              }
            ],
            "cpu_options": [
              {
                "amd_sev_snp": "",
                "core_count": 1,
                "nested_virtualization": "",
                "threads_per_core": 2
              }
            ],
            "credit_specification": [
              {
                "cpu_credits": "unlimited"
              }
            ],
            "disable_api_stop": false,
            "disable_api_termination": false,
            "ebs_block_device": [],
            "ebs_optimized": false,
            "enable_primary_ipv6": null,
            "enclave_options": [
              {
                "enabled": false
              }
            ],
            "ephemeral_block_device": [],
            "force_destroy": false,
            "get_password_data": false,
            "hibernation": false,
            "host_id": "",
            "host_resource_group_arn": null,
            "iam_instance_profile": "boxes-instance-profile",
            "id": "i-05080aef0b8d62104",
            "instance_initiated_shutdown_behavior": "stop",
            "instance_lifecycle": "",
            "instance_market_options": [],
            "instance_state": "running",
            "instance_type": "t3.micro",
            "ipv6_address_count": 0,
            "ipv6_addresses": [],
            "key_name": "boxes-key",
            "launch_template": [],
            "maintenance_options": [
              {
                "auto_recovery": "default"
              }
            ],
            "metadata_options": [
              {
                "http_endpoint": "enabled",
                "http_protocol_ipv6": "disabled",
                "http_put_response_hop_limit": 1,
                "http_tokens": "optional",
                "instance_metadata_tags": "disabled"
              }
            ],
            "monitoring": false,
            "network_interface": [],
            "outpost_arn": "",
            "password_data": "",
            "placement_group": "",
            "placement_group_id": "",
            "placement_partition_number": 0,
            "primary_network_interface": [
              {
                "delete_on_termination": true,
                "network_interface_id": "eni-0e785024e87c843a5"
              }
            ],
            "primary_network_interface_id": "eni-0e785024e87c843a5",
            "private_dns": "ip-172-31-23-188.eu-central-1.compute.internal",
            "private_dns_name_options": [
              {
                "enable_resource_name_dns_a_record": false,
                "enable_resource_name_dns_aaaa_record": false,
                "hostname_type": "ip-name"
              }
            ],
            "private_ip": "172.31.23.188",
            "public_dns": "ec2-3-127-217-15.eu-central-1.compute.amazonaws.com",
            "public_ip": "3.127.217.15",
            "region": "eu-central-1",
            "root_block_device": [
              {
                "delete_on_termination": true,
                "device_name": "/dev/xvda",
                "encrypted": false,
                "iops": 100,
                "kms_key_id": "",
                "tags": {},
                "tags_all": {},
                "throughput": 0,
                "volume_id": "vol-03cc160d841cb416b",
                "volume_size": 8,
                "volume_type": "gp2"
              }
            ],
            "secondary_network_interface": [],
            "secondary_private_ips": [],
            "security_groups": [
              "boxes-sg"
            ],
            "source_dest_check": true,
            "spot_instance_request_id": "",
            "subnet_id": "subnet-051de70ff20d8d61b",
            "tags": {
              "Name": "boxes-ec2"
            },
            "tags_all": {
              "Name": "boxes-ec2"
            },
            "tenancy": "default",
            "timeouts": null,
            "user_data": "#!/bin/bash\r\nyum update -y\r\namazon-linux-extras install docker -y\r\nsystemctl start docker\r\nsystemctl enable docker\r\nusermod -aG docker ec2-user\r\n",
            "user_data_base64": null,
            "user_data_replace_on_change": false,
            "volume_tags": null,
            "vpc_security_group_ids": [
              "sg-00742f5df671c37cb"
            ]
          },
          "sensitive_attributes": [],
          "identity_schema_version": 0,
          "identity": {
            "account_id": "272493677884",
            "id": "i-05080aef0b8d62104",
            "region": "eu-central-1"
          },
          "private": "eyJlMmJmYjczMC1lY2FhLTExZTYtOGY4OC0zNDM2M2JjN2M0YzAiOnsiY3JlYXRlIjo2MDAwMDAwMDAwMDAsImRlbGV0ZSI6MTIwMDAwMDAwMDAwMCwicmVhZCI6OTAwMDAwMDAwMDAwLCJ1cGRhdGUiOjYwMDAwMDAwMDAwMH0sInNjaGVtYV92ZXJzaW9uIjoiMiJ9",
          "dependencies": [
            "aws_iam_instance_profile.boxes_instance_profile",
            "aws_iam_role.boxes_ec2_role",
            "aws_key_pair.boxes_key",
            "aws_security_group.boxes-sg",
            "data.aws_ami.amazon_linux",
            "data.aws_subnet.default_subnet",
            "data.aws_vpc.default",
            "tls_private_key.boxes_key"
          ]
        }
      ]
    },
    {
      "mode": "managed",
      "type": "aws_key_pair",
      "name": "boxes_key",
      "provider": "provider[\"registry.terraform.io/hashicorp/aws\"]",
      "instances": [
        {
          "schema_version": 1,
          "attributes": {
            "arn": "arn:aws:ec2:eu-central-1:272493677884:key-pair/boxes-key",
            "fingerprint": "f5:01:69:8e:aa:a9:71:cb:c6:3e:12:bb:2d:5c:59:11",
            "id": "boxes-key",
            "key_name": "boxes-key",
            "key_name_prefix": "",
            "key_pair_id": "key-0b232f16fd3213cf2",
            "key_type": "rsa",
            "public_key": "ssh-rsa AAAAB3NzaC1yc2EAAAADAQABAAACAQDLSqfLbPUafc2/XNOgfpyocMqlmP94HsA5J8LwE2RXiQlDBrR1Pn0oq0k34bMzi0aP4rTkNA93isxEKAbV2QqLG2J6AvPcEzZzdmOBe2k8B6cwjHF12rHXL/IlqHIbigIodiPXiPUTt5zTkD0sDpu/AU5twLre1BYhCh3bCT33+oneWrkNQa3rIOjbLtQs/ou3auJwp1zlfntvt/M8/WX0c08tkHBD9cTcRT158Xcg3XHfszKkGxQYnu92J59xSeNYznMERwfSlaFGmSvR/hAtS7JZ0f/pwixIfIwSCD/6n+VAeoP+2knBDqE/w5z3QB+rWnG6yqv+n8P/P6wPrFaXz562pWWsiGtlT937Rc4F4kuPgTdAwDzvuoGGXXo1kwKxGCzA3OQsYsr5LyBl/jc/RUXF7VV1EwMiZKT1dXJ0Od8c1PxOSGIfULxcHIs1NlL0JzxRGVW+ax+1a9VPIFGJVHbU4qZLzalObEd8PMS5r7nV2WicRem636ieKhgBx/Qdt1kmIsL+K5XbIAVa7NbTRlXdb4OcQvQhqkHQYUmVuDWn3lgsmXhD4Is5w/H2cP0+OQt49URRDDiKYvyo7Og2bFgj07nHROrxmTEOW3Yf172g/IJ1HspFdC8jhnrhPwlR2KlQ2yKlJm06+VJhSAS6M5V4oGO23q5QetTGBpmdIQ==",
            "region": "eu-central-1",
            "tags": {},
            "tags_all": {}
          },
          "sensitive_attributes": [],
          "identity_schema_version": 0,
          "private": "eyJzY2hlbWFfdmVyc2lvbiI6IjEifQ==",
          "dependencies": [
            "tls_private_key.boxes_key"
          ]
        }
      ]
    },
    {
      "mode": "managed",
      "type": "aws_security_group",
      "name": "boxes-sg",
      "provider": "provider[\"registry.terraform.io/hashicorp/aws\"]",
      "instances": [
        {
          "schema_version": 1,
          "attributes": {
            "arn": "arn:aws:ec2:eu-central-1:272493677884:security-group/sg-00742f5df671c37cb",
            "description": "Allow SSH and TCP 5000",
            "egress": [
              {
                "cidr_blocks": [
                  "0.0.0.0/0"
                ],
                "description": "",
                "from_port": 0,
                "ipv6_cidr_blocks": [],
                "prefix_list_ids": [],
                "protocol": "-1",
                "security_groups": [],
                "self": false,
                "to_port": 0
              }
            ],
            "id": "sg-00742f5df671c37cb",
            "ingress": [
              {
                "cidr_blocks": [
                  "0.0.0.0/0"
                ],
                "description": "SSH from anywhere",
                "from_port": 22,
                "ipv6_cidr_blocks": [],
                "prefix_list_ids": [],
                "protocol": "tcp",
                "security_groups": [],
                "self": false,
                "to_port": 22
              },
              {
                "cidr_blocks": [
                  "0.0.0.0/0"
                ],
                "description": "TCP 5000 from anywhere",
                "from_port": 5000,
                "ipv6_cidr_blocks": [],
                "prefix_list_ids": [],
                "protocol": "tcp",
                "security_groups": [],
                "self": false,
                "to_port": 5000
              }
            ],
            "name": "boxes-sg",
            "name_prefix": "",
            "owner_id": "272493677884",
            "region": "eu-central-1",
            "revoke_rules_on_delete": false,
            "tags": {
              "Name": "boxes-sg"
            },
            "tags_all": {
              "Name": "boxes-sg"
            },
            "timeouts": null,
            "vpc_id": "vpc-0a419e8264738c311"
          },
          "sensitive_attributes": [],
          "identity_schema_version": 0,
          "identity": {
            "account_id": "272493677884",
            "id": "sg-00742f5df671c37cb",
            "region": "eu-central-1"
          },
          "private": "eyJlMmJmYjczMC1lY2FhLTExZTYtOGY4OC0zNDM2M2JjN2M0YzAiOnsiY3JlYXRlIjo2MDAwMDAwMDAwMDAsImRlbGV0ZSI6OTAwMDAwMDAwMDAwfSwic2NoZW1hX3ZlcnNpb24iOiIxIn0=",
          "dependencies": [
            "data.aws_vpc.default"
          ]
        }
      ]
    },
    {
      "mode": "managed",
      "type": "local_file",
      "name": "private_key",
      "provider": "provider[\"registry.terraform.io/hashicorp/local\"]",
      "instances": [
        {
          "schema_version": 0,
          "attributes": {
            "content": "-----BEGIN RSA PRIVATE KEY-----\nMIIJJwIBAAKCAgEAy0qny2z1Gn3Nv1zToH6cqHDKpZj/eB7AOSfC8BNkV4kJQwa0\ndT59KKtJN+GzM4tGj+K05DQPd4rMRCgG1dkKixtiegLz3BM2c3ZjgXtpPAenMIxx\nddqx1y/yJahyG4oCKHYj14j1E7ec05A9LA6bvwFObcC63tQWIQod2wk99/qJ3lq5\nDUGt6yDo2y7ULP6Lt2ricKdc5X57b7fzPP1l9HNPLZBwQ/XE3EU9efF3IN1x37My\npBsUGJ7vdiefcUnjWM5zBEcH0pWhRpkr0f4QLUuyWdH/6cIsSHyMEgg/+p/lQHqD\n/tpJwQ6hP8Oc90Afq1pxusqr/p/D/z+sD6xWl8+etqVlrIhrZU/d+0XOBeJLj4E3\nQMA877qBhl16NZMCsRgswNzkLGLK+S8gZf43P0VFxe1VdRMDImSk9XVydDnfHNT8\nTkhiH1C8XByLNTZS9Cc8URlVvmsftWvVTyBRiVR21OKmS82pTmxHfDzEua+51dlo\nnEXput+onioYAcf0HbdZJiLC/iuV2yAFWuzW00ZV3W+DnEL0IapB0GFJlbg1p95Y\nLJl4Q+CLOcPx9nD9PjkLePVEUQw4imL8qOzoNmxYI9O5x0Tq8ZkxDlt2H9e9oPyC\ndR7KRXQvI4Z64T8JUdipUNsipSZtOvlSYUgEujOVeKBjtt6uUHrUxgaZnSECAwEA\nAQKCAgAK1K9IJKXR26A/uOa7AyfeRwUa6cH5oLzJxsMpZoUW71F/oU6xvOqu5SJN\nYIBbR4kyvwe3bUkiK7JKks3bbJj11JeMa9YZdGoXIHh4dG5kwP0gtmjQmD5XmkG2\nzSjILBQFmxa5g93XxzVrJaEGtQAJ/vwyV311Q/wqVjdFPVKwgKgCAVgg204UbABP\n9iiefZDMzLxj91y5CuIxb23dgtwg2Bhgs3RxwHk0qZk3Axz/UqD/o7TX3qv1TFly\ndHW3k9HRoE0rLgweBXQOVniJ03UB7smhpLEzX3GbyovtZYRgGk783pIj/LYHe7uu\nUaIOH7vYNaU/yA6+Df3Dnn0wqBREYa05BcaDXBX7peRGfOaLeiakLKJsdJ8LqEtU\nYiTAV8baFwND7rczG+PENZo+i/gxDqHhV6V9M/twhIm02sqnFR/piS6xARZI9Nis\ns6VUTjMyc7XzGUehOGCnFcKRsVwt8d6E27WQeUOJx8oDwChGvRuZWMfr5ME99VMR\n85UBJQNskJTCsgA9eIinWbUo+lUvhcdAY317aoZh8Z/cGAMW9gIkNDKYP1/vYHpL\nyl6xXnv8kDQ2UKKKO5LV2QbUnQiUWdTgW93Ps2TIF0SXQNTwP14doeZHt88O0GDl\nuOqq5/mOC7X8V5CChFsBqIc4zatz8zLO3qUijqU0ezxP1ZFo+QKCAQEA9nIBdeg/\n98XolsfvEL52UhYYYHqbqNpyF22TwpGCSdqUiJOblCfuOZEFwSfPBMxybgkViHpA\n73wIn++XyxJWvhrtH7FwFhuFSRZ8PneITEhBFas9yByu3IB2Y+u8PHoRFhiL3eDg\neT/MCu2RPRbR364nA2HjlIFBFtpLpiCqf6lIixmmxuNhVVwxh2rWcE8UmnbfFN5+\nxC2PQ4x2iMihdaA6uxZwXHWdhT3uRxSxmUHooyiREccvbIEd/RAYNZhZHqp+G77r\n9V2lgr6LuhVSUnQ2dAliUfJtoDKa+usOGAz5IKV346t8P2ZmNaI00Po+trNO2wo0\nMTUUu3gsB3TP2QKCAQEA0yxYSpZsxMAobOCbg2h8jORE22zzUZS/lIskGykJwzxW\nv7lWHZGTRJL2Eckts3aViPcX748xWtOndSj1xg11QKwUks6ZHDHnht+CH/gqlGMz\nrPjYDyyBSE0BEKTxMRLTdQn2MFr7/Xu3a58lVp1Q0nfGmZehpiJ39wNBmGXQpCVc\nf+0ap8WWMyNMuvYrjUfZb2jBbVwbMcBQiuMV6EpVgB4j5Td+O0rU4i01JnENSoWr\nxof7BtkXYz4Dm+Hn0ao4K25gxcKr7p4GKnfcZ7eykBoij5davLrDbDm/K/jUYQwp\n2VOkNeEd+DV874qS4Vodl7ekiWJUmqE/KUH2q64yiQKCAQAg8tkTJHv46nLQRebG\nfFBhZSbZL0tEZgA+9Z19s+qRaTHWmLWCN1x4QdVdH69j2tmpsHk6h+3KlvCoQWYv\n9kG2pO7y/8wWiJNnVCRETcLhP//Dn+Ngr8UJIfuyHEBMbZ1/MMTyYzBfxZHIHD8A\nxd5FY4k/wISmxCkpnwHiMhfZfY5/WmybxqaqvOq6SiRlW41LoXzt01lrbRPsWgk2\n/GvpyARSIwvesLLgr4j949xiuxcZSUEr+U9z2EdkIBS8haPUn8LAfuQZJ+4K7uLL\nfDJHZ9Yn6WFFx320n09tIKP/vyxHmxfOTo0MBOrBXPBmyC4+SvbN/i1ALvKYpdZt\nIMbxAoIBADnhXrXa8ycecDYffiCPhAvuCT2HaE3FEpm5ZYUYQ3fC0xgryYHDQ/U4\nvr9zP9Z/u07WQzZDLkjx2GVRe8P0Ll4yjFUM0YSb3RTnsDfpAmq3ohNYBYhrL2hM\nyuzv+Lf1rAXZXCQ22/jHbyfNcCOEbQGzGLlCiWkK64zF1LXbukszfl4F9BdmHdwY\nYdCg5qELv3o84T+DTmTdjHX09i08KqE6IaaTBkNkKGNx9q55sCXr64A4B0MCP9nQ\nxpZ0XeDm4gxtbZLm389Aevoq7jtzazr6HtzypEk0e5nvXgnEYxnShqnttgWalWdR\n6dOSTN39oDzUdgG99OiJJ9G8Jcs6rNkCggEAYjKBRsOetytMooNX4v/ar2PWD0j/\nQyT9cwsbfira7CLAeaUYrZqjsOWXWRV8pu4lUhBq7b2/M/vFtdv8QKfvAnN/2IdD\nZcaouyBGbNtTx1nuqPeQo+Aj1iF77yWd9LpVa4Vpqi7t56iO1DvFU6TjzPXI4Ppp\nGeOiyQQdfnhklEwCU91yv8CvPMZE9O1hGM2t0C64QFHxkvYpPMfMk07gV5sIWNi3\nvp0vNfkiKYBGQl2idzJc0a08qKn+alER6ewQ4wQZWqe3/oFtHiDYRcC5d3S02bdY\ndfaTD7EtKjZdwnRIKWaVpJD6dpoyhGYexc9YSNUKaFGD9CLAF6Svxdn5IQ==\n-----END RSA PRIVATE KEY-----\n",
            "content_base64": null,
            "content_base64sha256": "bXBTwBlAWxzY46VUSkPkY3aB1mUlSKhzoDjS5cS50+c=",
            "content_base64sha512": "wpb1uzggK/fktbRoe3AV6K04NtkDa+6DSHsp7AOtSxDahYbYXo7q/l5u2k6AJKm+msSHN9MX61Z8wVMlY4+l1Q==",
            "content_md5": "494c92ed36bdc0027bff5aea77ece2be",
            "content_sha1": "cda5f93d0b97dd3846f3e95c7b9d22a01b997d9c",
            "content_sha256": "6d7053c019405b1cd8e3a5544a43e4637681d6652548a873a038d2e5c4b9d3e7",
            "content_sha512": "c296f5bb38202bf7e4b5b4687b7015e8ad3836d9036bee83487b29ec03ad4b10da8586d85e8eeafe5e6eda4e8024a9be9ac48737d317eb567cc15325638fa5d5",
            "directory_permission": "0777",
            "file_permission": "0400",
            "filename": "./boxes-key.pem",
            "id": "cda5f93d0b97dd3846f3e95c7b9d22a01b997d9c",
            "sensitive_content": null,
            "source": null
          },
          "sensitive_attributes": [
            [
              {
                "type": "get_attr",
                "value": "content"
              }
            ],
            [
              {
                "type": "get_attr",
                "value": "sensitive_content"
              }
            ]
          ],
          "identity_schema_version": 0,
          "dependencies": [
            "tls_private_key.boxes_key"
          ]
        }
      ]
    },
    {
      "mode": "managed",
      "type": "tls_private_key",
      "name": "boxes_key",
      "provider": "provider[\"registry.terraform.io/hashicorp/tls\"]",
      "instances": [
        {
          "schema_version": 1,
          "attributes": {
            "algorithm": "RSA",
            "ecdsa_curve": "P224",
            "id": "d941e6d55618891bcba46c6a1c357eff3419cbc5",
            "private_key_openssh": "-----BEGIN OPENSSH PRIVATE KEY-----\nb3BlbnNzaC1rZXktdjEAAAAABG5vbmUAAAAEbm9uZQAAAAAAAAABAAACFwAAAAdz\nc2gtcnNhAAAAAwEAAQAAAgEAy0qny2z1Gn3Nv1zToH6cqHDKpZj/eB7AOSfC8BNk\nV4kJQwa0dT59KKtJN+GzM4tGj+K05DQPd4rMRCgG1dkKixtiegLz3BM2c3ZjgXtp\nPAenMIxxddqx1y/yJahyG4oCKHYj14j1E7ec05A9LA6bvwFObcC63tQWIQod2wk9\n9/qJ3lq5DUGt6yDo2y7ULP6Lt2ricKdc5X57b7fzPP1l9HNPLZBwQ/XE3EU9efF3\nIN1x37MypBsUGJ7vdiefcUnjWM5zBEcH0pWhRpkr0f4QLUuyWdH/6cIsSHyMEgg/\n+p/lQHqD/tpJwQ6hP8Oc90Afq1pxusqr/p/D/z+sD6xWl8+etqVlrIhrZU/d+0XO\nBeJLj4E3QMA877qBhl16NZMCsRgswNzkLGLK+S8gZf43P0VFxe1VdRMDImSk9XVy\ndDnfHNT8TkhiH1C8XByLNTZS9Cc8URlVvmsftWvVTyBRiVR21OKmS82pTmxHfDzE\nua+51dlonEXput+onioYAcf0HbdZJiLC/iuV2yAFWuzW00ZV3W+DnEL0IapB0GFJ\nlbg1p95YLJl4Q+CLOcPx9nD9PjkLePVEUQw4imL8qOzoNmxYI9O5x0Tq8ZkxDlt2\nH9e9oPyCdR7KRXQvI4Z64T8JUdipUNsipSZtOvlSYUgEujOVeKBjtt6uUHrUxgaZ\nnSEAAAc46txrO+rcazsAAAAHc3NoLXJzYQAAAgEAy0qny2z1Gn3Nv1zToH6cqHDK\npZj/eB7AOSfC8BNkV4kJQwa0dT59KKtJN+GzM4tGj+K05DQPd4rMRCgG1dkKixti\negLz3BM2c3ZjgXtpPAenMIxxddqx1y/yJahyG4oCKHYj14j1E7ec05A9LA6bvwFO\nbcC63tQWIQod2wk99/qJ3lq5DUGt6yDo2y7ULP6Lt2ricKdc5X57b7fzPP1l9HNP\nLZBwQ/XE3EU9efF3IN1x37MypBsUGJ7vdiefcUnjWM5zBEcH0pWhRpkr0f4QLUuy\nWdH/6cIsSHyMEgg/+p/lQHqD/tpJwQ6hP8Oc90Afq1pxusqr/p/D/z+sD6xWl8+e\ntqVlrIhrZU/d+0XOBeJLj4E3QMA877qBhl16NZMCsRgswNzkLGLK+S8gZf43P0VF\nxe1VdRMDImSk9XVydDnfHNT8TkhiH1C8XByLNTZS9Cc8URlVvmsftWvVTyBRiVR2\n1OKmS82pTmxHfDzEua+51dlonEXput+onioYAcf0HbdZJiLC/iuV2yAFWuzW00ZV\n3W+DnEL0IapB0GFJlbg1p95YLJl4Q+CLOcPx9nD9PjkLePVEUQw4imL8qOzoNmxY\nI9O5x0Tq8ZkxDlt2H9e9oPyCdR7KRXQvI4Z64T8JUdipUNsipSZtOvlSYUgEujOV\neKBjtt6uUHrUxgaZnSEAAAADAQABAAACAArUr0gkpdHboD+45rsDJ95HBRrpwfmg\nvMnGwylmhRbvUX+hTrG86q7lIk1ggFtHiTK/B7dtSSIrskqSzdtsmPXUl4xr1hl0\nahcgeHh0bmTA/SC2aNCYPleaQbbNKMgsFAWbFrmD3dfHNWsloQa1AAn+/DJXfXVD\n/CpWN0U9UrCAqAIBWCDbThRsAE/2KJ59kMzMvGP3XLkK4jFvbd2C3CDYGGCzdHHA\neTSpmTcDHP9SoP+jtNfeq/VMWXJ0dbeT0dGgTSsuDB4FdA5WeInTdQHuyaGksTNf\ncZvKi+1lhGAaTvzekiP8tgd7u65Rog4fu9g1pT/IDr4N/cOefTCoFERhrTkFxoNc\nFful5EZ85ot6JqQsomx0nwuoS1RiJMBXxtoXA0PutzMb48Q1mj6L+DEOoeFXpX0z\n+3CEibTayqcVH+mJLrEBFkj02KyzpVROMzJztfMZR6E4YKcVwpGxXC3x3oTbtZB5\nQ4nHygPAKEa9G5lYx+vkwT31UxHzlQElA2yQlMKyAD14iKdZtSj6VS+Fx0BjfXtq\nhmHxn9wYAxb2AiQ0Mpg/X+9gekvKXrFee/yQNDZQooo7ktXZBtSdCJRZ1OBb3c+z\nZMgXRJdA1PA/Xh2h5ke3zw7QYOW46qrn+Y4LtfxXkIKEWwGohzjNq3PzMs7epSKO\npTR7PE/VkWj5AAABAGIygUbDnrcrTKKDV+L/2q9j1g9I/0Mk/XMLG34q2uwiwHml\nGK2ao7Dll1kVfKbuJVIQau29vzP7xbXb/ECn7wJzf9iHQ2XGqLsgRmzbU8dZ7qj3\nkKPgI9Yhe+8lnfS6VWuFaaou7eeojtQ7xVOk48z1yOD6aRnjoskEHX54ZJRMAlPd\ncr/ArzzGRPTtYRjNrdAuuEBR8ZL2KTzHzJNO4FebCFjYt76dLzX5IimARkJdoncy\nXNGtPKip/mpREensEOMEGVqnt/6BbR4g2EXAuXd0tNm3WHX2kw+xLSo2XcJ0SClm\nlaSQ+naaMoRmHsXPWEjVCmhRg/QiwBekr8XZ+SEAAAEBAPZyAXXoP/fF6JbH7xC+\ndlIWGGB6m6jachdtk8KRgknalIiTm5Qn7jmRBcEnzwTMcm4JFYh6QO98CJ/vl8sS\nVr4a7R+xcBYbhUkWfD53iExIQRWrPcgcrtyAdmPrvDx6ERYYi93g4Hk/zArtkT0W\n0d+uJwNh45SBQRbaS6Ygqn+pSIsZpsbjYVVcMYdq1nBPFJp23xTefsQtj0OMdojI\noXWgOrsWcFx1nYU97kcUsZlB6KMokRHHL2yBHf0QGDWYWR6qfhu+6/VdpYK+i7oV\nUlJ0NnQJYlHybaAymvrrDhgM+SCld+OrfD9mZjWiNND6PrazTtsKNDE1FLt4LAd0\nz9kAAAEBANMsWEqWbMTAKGzgm4NofIzkRNts81GUv5SLJBspCcM8Vr+5Vh2Rk0SS\n9hHJLbN2lYj3F++PMVrTp3Uo9cYNdUCsFJLOmRwx54bfgh/4KpRjM6z42A8sgUhN\nARCk8TES03UJ9jBa+/17t2ufJVadUNJ3xpmXoaYid/cDQZhl0KQlXH/tGqfFljMj\nTLr2K41H2W9owW1cGzHAUIrjFehKVYAeI+U3fjtK1OItNSZxDUqFq8aH+wbZF2M+\nA5vh59GqOCtuYMXCq+6eBip33Ge3spAaIo+XWry6w2w5vyv41GEMKdlTpDXhHfg1\nfO+KkuFaHZe3pIliVJqhPylB9quuMokAAAAAAQID\n-----END OPENSSH PRIVATE KEY-----\n",
            "private_key_pem": "-----BEGIN RSA PRIVATE KEY-----\nMIIJJwIBAAKCAgEAy0qny2z1Gn3Nv1zToH6cqHDKpZj/eB7AOSfC8BNkV4kJQwa0\ndT59KKtJN+GzM4tGj+K05DQPd4rMRCgG1dkKixtiegLz3BM2c3ZjgXtpPAenMIxx\nddqx1y/yJahyG4oCKHYj14j1E7ec05A9LA6bvwFObcC63tQWIQod2wk99/qJ3lq5\nDUGt6yDo2y7ULP6Lt2ricKdc5X57b7fzPP1l9HNPLZBwQ/XE3EU9efF3IN1x37My\npBsUGJ7vdiefcUnjWM5zBEcH0pWhRpkr0f4QLUuyWdH/6cIsSHyMEgg/+p/lQHqD\n/tpJwQ6hP8Oc90Afq1pxusqr/p/D/z+sD6xWl8+etqVlrIhrZU/d+0XOBeJLj4E3\nQMA877qBhl16NZMCsRgswNzkLGLK+S8gZf43P0VFxe1VdRMDImSk9XVydDnfHNT8\nTkhiH1C8XByLNTZS9Cc8URlVvmsftWvVTyBRiVR21OKmS82pTmxHfDzEua+51dlo\nnEXput+onioYAcf0HbdZJiLC/iuV2yAFWuzW00ZV3W+DnEL0IapB0GFJlbg1p95Y\nLJl4Q+CLOcPx9nD9PjkLePVEUQw4imL8qOzoNmxYI9O5x0Tq8ZkxDlt2H9e9oPyC\ndR7KRXQvI4Z64T8JUdipUNsipSZtOvlSYUgEujOVeKBjtt6uUHrUxgaZnSECAwEA\nAQKCAgAK1K9IJKXR26A/uOa7AyfeRwUa6cH5oLzJxsMpZoUW71F/oU6xvOqu5SJN\nYIBbR4kyvwe3bUkiK7JKks3bbJj11JeMa9YZdGoXIHh4dG5kwP0gtmjQmD5XmkG2\nzSjILBQFmxa5g93XxzVrJaEGtQAJ/vwyV311Q/wqVjdFPVKwgKgCAVgg204UbABP\n9iiefZDMzLxj91y5CuIxb23dgtwg2Bhgs3RxwHk0qZk3Axz/UqD/o7TX3qv1TFly\ndHW3k9HRoE0rLgweBXQOVniJ03UB7smhpLEzX3GbyovtZYRgGk783pIj/LYHe7uu\nUaIOH7vYNaU/yA6+Df3Dnn0wqBREYa05BcaDXBX7peRGfOaLeiakLKJsdJ8LqEtU\nYiTAV8baFwND7rczG+PENZo+i/gxDqHhV6V9M/twhIm02sqnFR/piS6xARZI9Nis\ns6VUTjMyc7XzGUehOGCnFcKRsVwt8d6E27WQeUOJx8oDwChGvRuZWMfr5ME99VMR\n85UBJQNskJTCsgA9eIinWbUo+lUvhcdAY317aoZh8Z/cGAMW9gIkNDKYP1/vYHpL\nyl6xXnv8kDQ2UKKKO5LV2QbUnQiUWdTgW93Ps2TIF0SXQNTwP14doeZHt88O0GDl\nuOqq5/mOC7X8V5CChFsBqIc4zatz8zLO3qUijqU0ezxP1ZFo+QKCAQEA9nIBdeg/\n98XolsfvEL52UhYYYHqbqNpyF22TwpGCSdqUiJOblCfuOZEFwSfPBMxybgkViHpA\n73wIn++XyxJWvhrtH7FwFhuFSRZ8PneITEhBFas9yByu3IB2Y+u8PHoRFhiL3eDg\neT/MCu2RPRbR364nA2HjlIFBFtpLpiCqf6lIixmmxuNhVVwxh2rWcE8UmnbfFN5+\nxC2PQ4x2iMihdaA6uxZwXHWdhT3uRxSxmUHooyiREccvbIEd/RAYNZhZHqp+G77r\n9V2lgr6LuhVSUnQ2dAliUfJtoDKa+usOGAz5IKV346t8P2ZmNaI00Po+trNO2wo0\nMTUUu3gsB3TP2QKCAQEA0yxYSpZsxMAobOCbg2h8jORE22zzUZS/lIskGykJwzxW\nv7lWHZGTRJL2Eckts3aViPcX748xWtOndSj1xg11QKwUks6ZHDHnht+CH/gqlGMz\nrPjYDyyBSE0BEKTxMRLTdQn2MFr7/Xu3a58lVp1Q0nfGmZehpiJ39wNBmGXQpCVc\nf+0ap8WWMyNMuvYrjUfZb2jBbVwbMcBQiuMV6EpVgB4j5Td+O0rU4i01JnENSoWr\nxof7BtkXYz4Dm+Hn0ao4K25gxcKr7p4GKnfcZ7eykBoij5davLrDbDm/K/jUYQwp\n2VOkNeEd+DV874qS4Vodl7ekiWJUmqE/KUH2q64yiQKCAQAg8tkTJHv46nLQRebG\nfFBhZSbZL0tEZgA+9Z19s+qRaTHWmLWCN1x4QdVdH69j2tmpsHk6h+3KlvCoQWYv\n9kG2pO7y/8wWiJNnVCRETcLhP//Dn+Ngr8UJIfuyHEBMbZ1/MMTyYzBfxZHIHD8A\nxd5FY4k/wISmxCkpnwHiMhfZfY5/WmybxqaqvOq6SiRlW41LoXzt01lrbRPsWgk2\n/GvpyARSIwvesLLgr4j949xiuxcZSUEr+U9z2EdkIBS8haPUn8LAfuQZJ+4K7uLL\nfDJHZ9Yn6WFFx320n09tIKP/vyxHmxfOTo0MBOrBXPBmyC4+SvbN/i1ALvKYpdZt\nIMbxAoIBADnhXrXa8ycecDYffiCPhAvuCT2HaE3FEpm5ZYUYQ3fC0xgryYHDQ/U4\nvr9zP9Z/u07WQzZDLkjx2GVRe8P0Ll4yjFUM0YSb3RTnsDfpAmq3ohNYBYhrL2hM\nyuzv+Lf1rAXZXCQ22/jHbyfNcCOEbQGzGLlCiWkK64zF1LXbukszfl4F9BdmHdwY\nYdCg5qELv3o84T+DTmTdjHX09i08KqE6IaaTBkNkKGNx9q55sCXr64A4B0MCP9nQ\nxpZ0XeDm4gxtbZLm389Aevoq7jtzazr6HtzypEk0e5nvXgnEYxnShqnttgWalWdR\n6dOSTN39oDzUdgG99OiJJ9G8Jcs6rNkCggEAYjKBRsOetytMooNX4v/ar2PWD0j/\nQyT9cwsbfira7CLAeaUYrZqjsOWXWRV8pu4lUhBq7b2/M/vFtdv8QKfvAnN/2IdD\nZcaouyBGbNtTx1nuqPeQo+Aj1iF77yWd9LpVa4Vpqi7t56iO1DvFU6TjzPXI4Ppp\nGeOiyQQdfnhklEwCU91yv8CvPMZE9O1hGM2t0C64QFHxkvYpPMfMk07gV5sIWNi3\nvp0vNfkiKYBGQl2idzJc0a08qKn+alER6ewQ4wQZWqe3/oFtHiDYRcC5d3S02bdY\ndfaTD7EtKjZdwnRIKWaVpJD6dpoyhGYexc9YSNUKaFGD9CLAF6Svxdn5IQ==\n-----END RSA PRIVATE KEY-----\n",
            "private_key_pem_pkcs8": "-----BEGIN PRIVATE KEY-----\nMIIJQQIBADANBgkqhkiG9w0BAQEFAASCCSswggknAgEAAoICAQDLSqfLbPUafc2/\nXNOgfpyocMqlmP94HsA5J8LwE2RXiQlDBrR1Pn0oq0k34bMzi0aP4rTkNA93isxE\nKAbV2QqLG2J6AvPcEzZzdmOBe2k8B6cwjHF12rHXL/IlqHIbigIodiPXiPUTt5zT\nkD0sDpu/AU5twLre1BYhCh3bCT33+oneWrkNQa3rIOjbLtQs/ou3auJwp1zlfntv\nt/M8/WX0c08tkHBD9cTcRT158Xcg3XHfszKkGxQYnu92J59xSeNYznMERwfSlaFG\nmSvR/hAtS7JZ0f/pwixIfIwSCD/6n+VAeoP+2knBDqE/w5z3QB+rWnG6yqv+n8P/\nP6wPrFaXz562pWWsiGtlT937Rc4F4kuPgTdAwDzvuoGGXXo1kwKxGCzA3OQsYsr5\nLyBl/jc/RUXF7VV1EwMiZKT1dXJ0Od8c1PxOSGIfULxcHIs1NlL0JzxRGVW+ax+1\na9VPIFGJVHbU4qZLzalObEd8PMS5r7nV2WicRem636ieKhgBx/Qdt1kmIsL+K5Xb\nIAVa7NbTRlXdb4OcQvQhqkHQYUmVuDWn3lgsmXhD4Is5w/H2cP0+OQt49URRDDiK\nYvyo7Og2bFgj07nHROrxmTEOW3Yf172g/IJ1HspFdC8jhnrhPwlR2KlQ2yKlJm06\n+VJhSAS6M5V4oGO23q5QetTGBpmdIQIDAQABAoICAArUr0gkpdHboD+45rsDJ95H\nBRrpwfmgvMnGwylmhRbvUX+hTrG86q7lIk1ggFtHiTK/B7dtSSIrskqSzdtsmPXU\nl4xr1hl0ahcgeHh0bmTA/SC2aNCYPleaQbbNKMgsFAWbFrmD3dfHNWsloQa1AAn+\n/DJXfXVD/CpWN0U9UrCAqAIBWCDbThRsAE/2KJ59kMzMvGP3XLkK4jFvbd2C3CDY\nGGCzdHHAeTSpmTcDHP9SoP+jtNfeq/VMWXJ0dbeT0dGgTSsuDB4FdA5WeInTdQHu\nyaGksTNfcZvKi+1lhGAaTvzekiP8tgd7u65Rog4fu9g1pT/IDr4N/cOefTCoFERh\nrTkFxoNcFful5EZ85ot6JqQsomx0nwuoS1RiJMBXxtoXA0PutzMb48Q1mj6L+DEO\noeFXpX0z+3CEibTayqcVH+mJLrEBFkj02KyzpVROMzJztfMZR6E4YKcVwpGxXC3x\n3oTbtZB5Q4nHygPAKEa9G5lYx+vkwT31UxHzlQElA2yQlMKyAD14iKdZtSj6VS+F\nx0BjfXtqhmHxn9wYAxb2AiQ0Mpg/X+9gekvKXrFee/yQNDZQooo7ktXZBtSdCJRZ\n1OBb3c+zZMgXRJdA1PA/Xh2h5ke3zw7QYOW46qrn+Y4LtfxXkIKEWwGohzjNq3Pz\nMs7epSKOpTR7PE/VkWj5AoIBAQD2cgF16D/3xeiWx+8QvnZSFhhgepuo2nIXbZPC\nkYJJ2pSIk5uUJ+45kQXBJ88EzHJuCRWIekDvfAif75fLEla+Gu0fsXAWG4VJFnw+\nd4hMSEEVqz3IHK7cgHZj67w8ehEWGIvd4OB5P8wK7ZE9FtHfricDYeOUgUEW2kum\nIKp/qUiLGabG42FVXDGHatZwTxSadt8U3n7ELY9DjHaIyKF1oDq7FnBcdZ2FPe5H\nFLGZQeijKJERxy9sgR39EBg1mFkeqn4bvuv1XaWCvou6FVJSdDZ0CWJR8m2gMpr6\n6w4YDPkgpXfjq3w/ZmY1ojTQ+j62s07bCjQxNRS7eCwHdM/ZAoIBAQDTLFhKlmzE\nwChs4JuDaHyM5ETbbPNRlL+UiyQbKQnDPFa/uVYdkZNEkvYRyS2zdpWI9xfvjzFa\n06d1KPXGDXVArBSSzpkcMeeG34If+CqUYzOs+NgPLIFITQEQpPExEtN1CfYwWvv9\ne7drnyVWnVDSd8aZl6GmInf3A0GYZdCkJVx/7RqnxZYzI0y69iuNR9lvaMFtXBsx\nwFCK4xXoSlWAHiPlN347StTiLTUmcQ1KhavGh/sG2RdjPgOb4efRqjgrbmDFwqvu\nngYqd9xnt7KQGiKPl1q8usNsOb8r+NRhDCnZU6Q14R34NXzvipLhWh2Xt6SJYlSa\noT8pQfarrjKJAoIBACDy2RMke/jqctBF5sZ8UGFlJtkvS0RmAD71nX2z6pFpMdaY\ntYI3XHhB1V0fr2Pa2amweTqH7cqW8KhBZi/2Qbak7vL/zBaIk2dUJERNwuE//8Of\n42CvxQkh+7IcQExtnX8wxPJjMF/FkcgcPwDF3kVjiT/AhKbEKSmfAeIyF9l9jn9a\nbJvGpqq86rpKJGVbjUuhfO3TWWttE+xaCTb8a+nIBFIjC96wsuCviP3j3GK7FxlJ\nQSv5T3PYR2QgFLyFo9SfwsB+5Bkn7gru4st8Mkdn1ifpYUXHfbSfT20go/+/LEeb\nF85OjQwE6sFc8GbILj5K9s3+LUAu8pil1m0gxvECggEAOeFetdrzJx5wNh9+II+E\nC+4JPYdoTcUSmbllhRhDd8LTGCvJgcND9Ti+v3M/1n+7TtZDNkMuSPHYZVF7w/Qu\nXjKMVQzRhJvdFOewN+kCareiE1gFiGsvaEzK7O/4t/WsBdlcJDbb+MdvJ81wI4Rt\nAbMYuUKJaQrrjMXUtdu6SzN+XgX0F2Yd3Bhh0KDmoQu/ejzhP4NOZN2MdfT2LTwq\noTohppMGQ2QoY3H2rnmwJevrgDgHQwI/2dDGlnRd4ObiDG1tkubfz0B6+iruO3Nr\nOvoe3PKkSTR7me9eCcRjGdKGqe22BZqVZ1Hp05JM3f2gPNR2Ab306Ikn0bwlyzqs\n2QKCAQBiMoFGw563K0yig1fi/9qvY9YPSP9DJP1zCxt+KtrsIsB5pRitmqOw5ZdZ\nFXym7iVSEGrtvb8z+8W12/xAp+8Cc3/Yh0Nlxqi7IEZs21PHWe6o95Cj4CPWIXvv\nJZ30ulVrhWmqLu3nqI7UO8VTpOPM9cjg+mkZ46LJBB1+eGSUTAJT3XK/wK88xkT0\n7WEYza3QLrhAUfGS9ik8x8yTTuBXmwhY2Le+nS81+SIpgEZCXaJ3MlzRrTyoqf5q\nURHp7BDjBBlap7f+gW0eINhFwLl3dLTZt1h19pMPsS0qNl3CdEgpZpWkkPp2mjKE\nZh7Fz1hI1QpoUYP0IsAXpK/F2fkh\n-----END PRIVATE KEY-----\n",
            "public_key_fingerprint_md5": "15:1b:54:85:9a:5c:45:0a:a4:3a:2b:e4:77:a9:06:b9",
            "public_key_fingerprint_sha256": "SHA256:KhzlrOh4D09iuMEHVHkyJydYAAvqacArqPrVbJyyoA0",
            "public_key_openssh": "ssh-rsa AAAAB3NzaC1yc2EAAAADAQABAAACAQDLSqfLbPUafc2/XNOgfpyocMqlmP94HsA5J8LwE2RXiQlDBrR1Pn0oq0k34bMzi0aP4rTkNA93isxEKAbV2QqLG2J6AvPcEzZzdmOBe2k8B6cwjHF12rHXL/IlqHIbigIodiPXiPUTt5zTkD0sDpu/AU5twLre1BYhCh3bCT33+oneWrkNQa3rIOjbLtQs/ou3auJwp1zlfntvt/M8/WX0c08tkHBD9cTcRT158Xcg3XHfszKkGxQYnu92J59xSeNYznMERwfSlaFGmSvR/hAtS7JZ0f/pwixIfIwSCD/6n+VAeoP+2knBDqE/w5z3QB+rWnG6yqv+n8P/P6wPrFaXz562pWWsiGtlT937Rc4F4kuPgTdAwDzvuoGGXXo1kwKxGCzA3OQsYsr5LyBl/jc/RUXF7VV1EwMiZKT1dXJ0Od8c1PxOSGIfULxcHIs1NlL0JzxRGVW+ax+1a9VPIFGJVHbU4qZLzalObEd8PMS5r7nV2WicRem636ieKhgBx/Qdt1kmIsL+K5XbIAVa7NbTRlXdb4OcQvQhqkHQYUmVuDWn3lgsmXhD4Is5w/H2cP0+OQt49URRDDiKYvyo7Og2bFgj07nHROrxmTEOW3Yf172g/IJ1HspFdC8jhnrhPwlR2KlQ2yKlJm06+VJhSAS6M5V4oGO23q5QetTGBpmdIQ==\n",
            "public_key_pem": "-----BEGIN PUBLIC KEY-----\nMIICIjANBgkqhkiG9w0BAQEFAAOCAg8AMIICCgKCAgEAy0qny2z1Gn3Nv1zToH6c\nqHDKpZj/eB7AOSfC8BNkV4kJQwa0dT59KKtJN+GzM4tGj+K05DQPd4rMRCgG1dkK\nixtiegLz3BM2c3ZjgXtpPAenMIxxddqx1y/yJahyG4oCKHYj14j1E7ec05A9LA6b\nvwFObcC63tQWIQod2wk99/qJ3lq5DUGt6yDo2y7ULP6Lt2ricKdc5X57b7fzPP1l\n9HNPLZBwQ/XE3EU9efF3IN1x37MypBsUGJ7vdiefcUnjWM5zBEcH0pWhRpkr0f4Q\nLUuyWdH/6cIsSHyMEgg/+p/lQHqD/tpJwQ6hP8Oc90Afq1pxusqr/p/D/z+sD6xW\nl8+etqVlrIhrZU/d+0XOBeJLj4E3QMA877qBhl16NZMCsRgswNzkLGLK+S8gZf43\nP0VFxe1VdRMDImSk9XVydDnfHNT8TkhiH1C8XByLNTZS9Cc8URlVvmsftWvVTyBR\niVR21OKmS82pTmxHfDzEua+51dlonEXput+onioYAcf0HbdZJiLC/iuV2yAFWuzW\n00ZV3W+DnEL0IapB0GFJlbg1p95YLJl4Q+CLOcPx9nD9PjkLePVEUQw4imL8qOzo\nNmxYI9O5x0Tq8ZkxDlt2H9e9oPyCdR7KRXQvI4Z64T8JUdipUNsipSZtOvlSYUgE\nujOVeKBjtt6uUHrUxgaZnSECAwEAAQ==\n-----END PUBLIC KEY-----\n",
            "rsa_bits": 4096
          },
          "sensitive_attributes": [
            [
              {
                "type": "get_attr",
                "value": "private_key_openssh"
              }
            ],
            [
              {
                "type": "get_attr",
                "value": "private_key_pem"
              }
            ],
            [
              {
                "type": "get_attr",
                "value": "private_key_pem_pkcs8"
              }
            ]
          ],
          "identity_schema_version": 0
        }
      ]
    }
  ],
  "check_results": null
}
